
Microsoft Visual Studio Solution File, Format Version 12.00
# Visual Studio Version 17
VisualStudioVersion = 17.4.33122.133
MinimumVisualStudioVersion = 10.0.40219.1
Project("{FAE04EC0-301F-11D3-BF4B-00C04F79EFBC}") = "textboxtest", "textboxtest.csproj", "{C293A4F9-50CA-47A2-959B-5BB595F80AB2}"
EndProject
Global
	GlobalSection(SolutionConfigurationPlatforms) = preSolution
		Debug|Any CPU = Debug|Any CPU
		Release|Any CPU = Release|Any CPU
	EndGlobalSection
	GlobalSection(ProjectConfigurationPlatforms) = postSolution
		{C293A4F9-50CA-47A2-959B-5BB595F80AB2}.Debug|Any CPU.ActiveCfg = Debug|Any CPU
		{C293A4F9-50CA-47A2-959B-5BB595F80AB2}.Debug|Any CPU.Build.0 = Debug|Any CPU
		{C293A4F9-50CA-47A2-959B-5BB595F80AB2}.Release|Any CPU.ActiveCfg = Release|Any CPU
		{C293A4F9-50CA-47A2-959B-5BB595F80AB2}.Release|Any CPU.Build.0 = Release|Any CPU
	EndGlobalSection
	GlobalSection(SolutionProperties) = preSolution
		HideSolutionNode = FALSE
	EndGlobalSection
	GlobalSection(ExtensibilityGlobals) = postSolution
		SolutionGuid = {0BD62BC2-8FE5-46AD-A424-6B9BF2C86683}
	EndGlobalSection
EndGlobal
